
Microsoft Visual Studio Solution File, Format Version 12.00
# Visual Studio Version 17
VisualStudioVersion = 17.11.35222.181
MinimumVisualStudioVersion = 10.0.40219.1
Project("{9A19103F-16F7-4668-BE54-9A1E7A4F7556}") = "LambdaASP.NETCore", "LambdaASP.NETCore\src\LambdaASP.NETCore\LambdaASP.NETCore.csproj", "{A2EBA1DB-A9C4-4917-8A5D-0258F2153C97}"
EndProject
Project("{9A19103F-16F7-4668-BE54-9A1E7A4F7556}") = "Domain", "Domain\Domain.csproj", "{B3046321-C788-4681-B914-2F49F01C7CDA}"
EndProject
Project("{9A19103F-16F7-4668-BE54-9A1E7A4F7556}") = "Infrastructure", "Infrastructure\Infrastructure.csproj", "{4BD0CF40-DA24-4273-9AD5-BDF23D15405E}"
	ProjectSection(ProjectDependencies) = postProject
		{B3046321-C788-4681-B914-2F49F01C7CDA} = {B3046321-C788-4681-B914-2F49F01C7CDA}
	EndProjectSection
EndProject
Project("{9A19103F-16F7-4668-BE54-9A1E7A4F7556}") = "Application", "Application\Application.csproj", "{FCAC5F9D-A16F-4FC7-8612-B31C577D6ECA}"
	ProjectSection(ProjectDependencies) = postProject
		{4BD0CF40-DA24-4273-9AD5-BDF23D15405E} = {4BD0CF40-DA24-4273-9AD5-BDF23D15405E}
	EndProjectSection
EndProject
Global
	GlobalSection(SolutionConfigurationPlatforms) = preSolution
		Debug|Any CPU = Debug|Any CPU
		Release|Any CPU = Release|Any CPU
	EndGlobalSection
	GlobalSection(ProjectConfigurationPlatforms) = postSolution
		{A2EBA1DB-A9C4-4917-8A5D-0258F2153C97}.Debug|Any CPU.ActiveCfg = Debug|Any CPU
		{A2EBA1DB-A9C4-4917-8A5D-0258F2153C97}.Debug|Any CPU.Build.0 = Debug|Any CPU
		{A2EBA1DB-A9C4-4917-8A5D-0258F2153C97}.Release|Any CPU.ActiveCfg = Release|Any CPU
		{A2EBA1DB-A9C4-4917-8A5D-0258F2153C97}.Release|Any CPU.Build.0 = Release|Any CPU
		{B3046321-C788-4681-B914-2F49F01C7CDA}.Debug|Any CPU.ActiveCfg = Debug|Any CPU
		{B3046321-C788-4681-B914-2F49F01C7CDA}.Debug|Any CPU.Build.0 = Debug|Any CPU
		{B3046321-C788-4681-B914-2F49F01C7CDA}.Release|Any CPU.ActiveCfg = Release|Any CPU
		{B3046321-C788-4681-B914-2F49F01C7CDA}.Release|Any CPU.Build.0 = Release|Any CPU
		{4BD0CF40-DA24-4273-9AD5-BDF23D15405E}.Debug|Any CPU.ActiveCfg = Debug|Any CPU
		{4BD0CF40-DA24-4273-9AD5-BDF23D15405E}.Debug|Any CPU.Build.0 = Debug|Any CPU
		{4BD0CF40-DA24-4273-9AD5-BDF23D15405E}.Release|Any CPU.ActiveCfg = Release|Any CPU
		{4BD0CF40-DA24-4273-9AD5-BDF23D15405E}.Release|Any CPU.Build.0 = Release|Any CPU
		{FCAC5F9D-A16F-4FC7-8612-B31C577D6ECA}.Debug|Any CPU.ActiveCfg = Debug|Any CPU
		{FCAC5F9D-A16F-4FC7-8612-B31C577D6ECA}.Debug|Any CPU.Build.0 = Debug|Any CPU
		{FCAC5F9D-A16F-4FC7-8612-B31C577D6ECA}.Release|Any CPU.ActiveCfg = Release|Any CPU
		{FCAC5F9D-A16F-4FC7-8612-B31C577D6ECA}.Release|Any CPU.Build.0 = Release|Any CPU
	EndGlobalSection
	GlobalSection(SolutionProperties) = preSolution
		HideSolutionNode = FALSE
	EndGlobalSection
	GlobalSection(ExtensibilityGlobals) = postSolution
		SolutionGuid = {E1E722B1-BD78-46A1-9D2B-61F3E961E940}
	EndGlobalSection
EndGlobal
