
Microsoft Visual Studio Solution File, Format Version 12.00
# Visual Studio Version 17
VisualStudioVersion = 17.11.35222.181
MinimumVisualStudioVersion = 10.0.40219.1
Project("{9A19103F-16F7-4668-BE54-9A1E7A4F7556}") = "API", "API\src\API\API.csproj", "{032640FF-C6B9-4E43-BE08-7FAA399EFBA8}"
EndProject
Project("{9A19103F-16F7-4668-BE54-9A1E7A4F7556}") = "Application", "Application\Application.csproj", "{1B232621-0E8A-4BF7-88C8-A9D3BBBC88F6}"
EndProject
Project("{9A19103F-16F7-4668-BE54-9A1E7A4F7556}") = "Domain", "Domain\Domain.csproj", "{B3CC7376-01BE-490F-8E0D-8699D26E8952}"
EndProject
Project("{9A19103F-16F7-4668-BE54-9A1E7A4F7556}") = "Infrastructure", "Infrastructure\Infrastructure.csproj", "{84517B94-FEF1-4BE5-8B90-B047270B850F}"
EndProject
Project("{9A19103F-16F7-4668-BE54-9A1E7A4F7556}") = "API.Tests", "API\test\API.Tests\API.Tests.csproj", "{CDA3398D-587B-4E7D-9B26-4937DF0125AE}"
EndProject
Global
	GlobalSection(SolutionConfigurationPlatforms) = preSolution
		Debug|Any CPU = Debug|Any CPU
		Release|Any CPU = Release|Any CPU
	EndGlobalSection
	GlobalSection(ProjectConfigurationPlatforms) = postSolution
		{032640FF-C6B9-4E43-BE08-7FAA399EFBA8}.Debug|Any CPU.ActiveCfg = Debug|Any CPU
		{032640FF-C6B9-4E43-BE08-7FAA399EFBA8}.Debug|Any CPU.Build.0 = Debug|Any CPU
		{032640FF-C6B9-4E43-BE08-7FAA399EFBA8}.Release|Any CPU.ActiveCfg = Release|Any CPU
		{032640FF-C6B9-4E43-BE08-7FAA399EFBA8}.Release|Any CPU.Build.0 = Release|Any CPU
		{1B232621-0E8A-4BF7-88C8-A9D3BBBC88F6}.Debug|Any CPU.ActiveCfg = Debug|Any CPU
		{1B232621-0E8A-4BF7-88C8-A9D3BBBC88F6}.Debug|Any CPU.Build.0 = Debug|Any CPU
		{1B232621-0E8A-4BF7-88C8-A9D3BBBC88F6}.Release|Any CPU.ActiveCfg = Release|Any CPU
		{1B232621-0E8A-4BF7-88C8-A9D3BBBC88F6}.Release|Any CPU.Build.0 = Release|Any CPU
		{B3CC7376-01BE-490F-8E0D-8699D26E8952}.Debug|Any CPU.ActiveCfg = Debug|Any CPU
		{B3CC7376-01BE-490F-8E0D-8699D26E8952}.Debug|Any CPU.Build.0 = Debug|Any CPU
		{B3CC7376-01BE-490F-8E0D-8699D26E8952}.Release|Any CPU.ActiveCfg = Release|Any CPU
		{B3CC7376-01BE-490F-8E0D-8699D26E8952}.Release|Any CPU.Build.0 = Release|Any CPU
		{84517B94-FEF1-4BE5-8B90-B047270B850F}.Debug|Any CPU.ActiveCfg = Debug|Any CPU
		{84517B94-FEF1-4BE5-8B90-B047270B850F}.Debug|Any CPU.Build.0 = Debug|Any CPU
		{84517B94-FEF1-4BE5-8B90-B047270B850F}.Release|Any CPU.ActiveCfg = Release|Any CPU
		{84517B94-FEF1-4BE5-8B90-B047270B850F}.Release|Any CPU.Build.0 = Release|Any CPU
		{CDA3398D-587B-4E7D-9B26-4937DF0125AE}.Debug|Any CPU.ActiveCfg = Debug|Any CPU
		{CDA3398D-587B-4E7D-9B26-4937DF0125AE}.Debug|Any CPU.Build.0 = Debug|Any CPU
		{CDA3398D-587B-4E7D-9B26-4937DF0125AE}.Release|Any CPU.ActiveCfg = Release|Any CPU
		{CDA3398D-587B-4E7D-9B26-4937DF0125AE}.Release|Any CPU.Build.0 = Release|Any CPU
	EndGlobalSection
	GlobalSection(SolutionProperties) = preSolution
		HideSolutionNode = FALSE
	EndGlobalSection
	GlobalSection(ExtensibilityGlobals) = postSolution
		SolutionGuid = {E1E722B1-BD78-46A1-9D2B-61F3E961E940}
	EndGlobalSection
EndGlobal
